
Microsoft Visual Studio Solution File, Format Version 12.00
# Visual Studio Version 17
VisualStudioVersion = 17.4.33213.308
MinimumVisualStudioVersion = 10.0.40219.1
Project("{FAE04EC0-301F-11D3-BF4B-00C04F79EFBC}") = "CalculatorApp", "CalculatorApp.csproj", "{FD2FE1DF-30E0-4976-B02C-EDF9A2D47666}"
EndProject
Project("{FAE04EC0-301F-11D3-BF4B-00C04F79EFBC}") = "CalculatorTests", "..\CalculatorTests\CalculatorTests.csproj", "{DECD1A7D-59C8-44F1-93DD-E93C0FF66C5F}"
EndProject
Global
	GlobalSection(SolutionConfigurationPlatforms) = preSolution
		Debug|Any CPU = Debug|Any CPU
		Release|Any CPU = Release|Any CPU
	EndGlobalSection
	GlobalSection(ProjectConfigurationPlatforms) = postSolution
		{FD2FE1DF-30E0-4976-B02C-EDF9A2D47666}.Debug|Any CPU.ActiveCfg = Debug|Any CPU
		{FD2FE1DF-30E0-4976-B02C-EDF9A2D47666}.Debug|Any CPU.Build.0 = Debug|Any CPU
		{FD2FE1DF-30E0-4976-B02C-EDF9A2D47666}.Release|Any CPU.ActiveCfg = Release|Any CPU
		{FD2FE1DF-30E0-4976-B02C-EDF9A2D47666}.Release|Any CPU.Build.0 = Release|Any CPU
		{DECD1A7D-59C8-44F1-93DD-E93C0FF66C5F}.Debug|Any CPU.ActiveCfg = Debug|Any CPU
		{DECD1A7D-59C8-44F1-93DD-E93C0FF66C5F}.Debug|Any CPU.Build.0 = Debug|Any CPU
		{DECD1A7D-59C8-44F1-93DD-E93C0FF66C5F}.Release|Any CPU.ActiveCfg = Release|Any CPU
		{DECD1A7D-59C8-44F1-93DD-E93C0FF66C5F}.Release|Any CPU.Build.0 = Release|Any CPU
	EndGlobalSection
	GlobalSection(SolutionProperties) = preSolution
		HideSolutionNode = FALSE
	EndGlobalSection
	GlobalSection(ExtensibilityGlobals) = postSolution
		SolutionGuid = {213F45C1-81A6-49FD-BBC0-6872F655B5E5}
	EndGlobalSection
EndGlobal
